{
  "name": "hash-map",
  "version": "1.0.0",
  "lockfileVersion": 3,
  "requires": true,
  "packages": {
    "": {
      "name": "hash-map",
      "version": "1.0.0",
      "license": "ISC",
      "dependencies": {
        "quick-ll": "^1.0.2"
      }
    },
    "node_modules/quick-ll": {
      "version": "1.0.2",
      "resolved": "https://registry.npmjs.org/quick-ll/-/quick-ll-1.0.2.tgz",
      "integrity": "sha512-c6g/UoB9hJVFyPQP32EcsT7SBmx0ecmLSIHiuIQpkioSDYEgimMGvBGzWJaN0IM3OhFfqq17+6tFl2w9rl0zOg==",
      "license": "ISC"
    }
  }
}
